PODS:
  - AFNetworking (2.5.4):
    - AFNetworking/NSURLConnection (= 2.5.4)
    - AFNetworking/NSURLSession (= 2.5.4)
    - AFNetworking/Reachability (= 2.5.4)
    - AFNetworking/Security (= 2.5.4)
    - AFNetworking/Serialization (= 2.5.4)
    - AFNetworking/UIKit (= 2.5.4)
  - AFNetworking/NSURLConnection (2.5.4):
    - AFNetworking/Reachability
    - AFNetworking/Security
    - AFNetworking/Serialization
  - AFNetworking/NSURLSession (2.5.4):
    - AFNetworking/Reachability
    - AFNetworking/Security
    - AFNetworking/Serialization
  - AFNetworking/Reachability (2.5.4)
  - AFNetworking/Security (2.5.4)
  - AFNetworking/Serialization (2.5.4)
  - AFNetworking/UIKit (2.5.4):
    - AFNetworking/NSURLConnection
    - AFNetworking/NSURLSession
  - Bolts (1.2.0):
    - Bolts/AppLinks (= 1.2.0)
    - Bolts/Tasks (= 1.2.0)
  - Bolts/AppLinks (1.2.0):
    - Bolts/Tasks
  - Bolts/Tasks (1.2.0)
  - CocoaLumberjack (2.0.1):
    - CocoaLumberjack/Default (= 2.0.1)
    - CocoaLumberjack/Extensions (= 2.0.1)
  - CocoaLumberjack/Core (2.0.1)
  - CocoaLumberjack/Default (2.0.1):
    - CocoaLumberjack/Core
  - CocoaLumberjack/Extensions (2.0.1):
    - CocoaLumberjack/Default
  - Colours (5.6.2)
  - FBSDKCoreKit (4.4.0):
    - Bolts (~> 1.1)
    - FBSDKCoreKit/arc (= 4.4.0)
    - FBSDKCoreKit/no-arc (= 4.4.0)
  - FBSDKCoreKit/arc (4.4.0):
    - Bolts (~> 1.1)
  - FBSDKCoreKit/no-arc (4.4.0):
    - Bolts (~> 1.1)
    - FBSDKCoreKit/arc
  - FBSDKLoginKit (4.4.0):
    - FBSDKCoreKit
  - ISO8601DateFormatter (0.7)
  - libextobjc (0.4.1):
    - libextobjc/EXTADT (= 0.4.1)
    - libextobjc/EXTConcreteProtocol (= 0.4.1)
    - libextobjc/EXTKeyPathCoding (= 0.4.1)
    - libextobjc/EXTNil (= 0.4.1)
    - libextobjc/EXTSafeCategory (= 0.4.1)
    - libextobjc/EXTScope (= 0.4.1)
    - libextobjc/EXTSelectorChecking (= 0.4.1)
    - libextobjc/EXTSynthesize (= 0.4.1)
    - libextobjc/NSInvocation+EXT (= 0.4.1)
    - libextobjc/NSMethodSignature+EXT (= 0.4.1)
    - libextobjc/RuntimeExtensions (= 0.4.1)
    - libextobjc/UmbrellaHeader (= 0.4.1)
  - libextobjc/EXTADT (0.4.1):
    - libextobjc/RuntimeExtensions
  - libextobjc/EXTConcreteProtocol (0.4.1):
    - libextobjc/RuntimeExtensions
  - libextobjc/EXTKeyPathCoding (0.4.1):
    - libextobjc/RuntimeExtensions
  - libextobjc/EXTNil (0.4.1):
    - libextobjc/RuntimeExtensions
  - libextobjc/EXTSafeCategory (0.4.1):
    - libextobjc/RuntimeExtensions
  - libextobjc/EXTScope (0.4.1):
    - libextobjc/RuntimeExtensions
  - libextobjc/EXTSelectorChecking (0.4.1):
    - libextobjc/RuntimeExtensions
  - libextobjc/EXTSynthesize (0.4.1):
    - libextobjc/RuntimeExtensions
  - libextobjc/NSInvocation+EXT (0.4.1):
    - libextobjc/RuntimeExtensions
  - libextobjc/NSMethodSignature+EXT (0.4.1):
    - libextobjc/RuntimeExtensions
  - libextobjc/RuntimeExtensions (0.4.1)
  - libextobjc/UmbrellaHeader (0.4.1)
  - Lock-Facebook (2.0.1):
    - CocoaLumberjack (~> 2.0)
    - FBSDKCoreKit (~> 4.0)
    - FBSDKLoginKit (~> 4.0)
    - Lock/Core (~> 1.11)
  - Lock/Core (1.16.0):
    - AFNetworking (~> 2.5)
    - CocoaLumberjack (~> 2.0)
    - ISO8601DateFormatter (~> 0.7)
    - libextobjc (~> 0.4)
  - Lock/WebView (1.16.0):
    - CocoaLumberjack (~> 2.0)
    - libextobjc (~> 0.4)
    - Lock/Core
  - MBProgressHUD (0.9.1)

DEPENDENCIES:
  - Colours (~> 5.6)
  - Lock-Facebook (~> 2.0)
  - Lock/Core (~> 1.16)
  - Lock/WebView (~> 1.16)
  - MBProgressHUD (~> 0.9.1)

SPEC CHECKSUMS:
  AFNetworking: 05edc0ac4c4c8cf57bcf4b84be5b0744b6d8e71e
  Bolts: d176cb1e0012175589e389a9db49b85e27787576
  CocoaLumberjack: 019d1361244274a6138c788c6cb80baabc13fb8f
  Colours: 0afd4c3429656880fd4cff350ca3bf0ab86ca348
  FBSDKCoreKit: 75bdd75c980e811db218488d99dd93b7740f4474
  FBSDKLoginKit: 02a9254a4c132412fa03577b0d53e936d068a7fb
  ISO8601DateFormatter: ab926648eebe497f4d167c0fd083992f959f1274
  libextobjc: a650fc1bf489a3d3a9bc2e621efa3e1006fc5471
  Lock: bf99824342e973f1994a6b40ca26e1153ba6de40
  Lock-Facebook: 02c315b7d15d6fed20c7a2ea8a5e5e27c072483a
  MBProgressHUD: c47f2c166c126cf2ce36498d80f33e754d4e93ad

COCOAPODS: 0.38.0
